// !$*UTF8*$!
{
	archiveVersion = 1;
	classes = {
	};
	objectVersion = 56;
	objects = {

/* Begin PBXBuildFile section */
		075568D42A7E551100617D64 /* TakeHomeProjectApp.swift in Sources */ = {isa = PBXBuildFile; fileRef = 075568D32A7E551100617D64 /* TakeHomeProjectApp.swift */; };
		075568D62A7E551100617D64 /* ContentView.swift in Sources */ = {isa = PBXBuildFile; fileRef = 075568D52A7E551100617D64 /* ContentView.swift */; };
		075568D82A7E551200617D64 /* Assets.xcassets in Resources */ = {isa = PBXBuildFile; fileRef = 075568D72A7E551200617D64 /* Assets.xcassets */; };
		075568DB2A7E551200617D64 /* Preview Assets.xcassets in Resources */ = {isa = PBXBuildFile; fileRef = 075568DA2A7E551200617D64 /* Preview Assets.xcassets */; };
		075568E32A7E558900617D64 /* Symbols.swift in Sources */ = {isa = PBXBuildFile; fileRef = 075568E22A7E558900617D64 /* Symbols.swift */; };
		075568E52A7E576000617D64 /* Theme.swift in Sources */ = {isa = PBXBuildFile; fileRef = 075568E42A7E576000617D64 /* Theme.swift */; };
		075568F82A7FA39800617D64 /* UsersStaticData.json in Resources */ = {isa = PBXBuildFile; fileRef = 075568F72A7FA39800617D64 /* UsersStaticData.json */; };
		075568FC2A7FA41700617D64 /* SingleUserData.json in Resources */ = {isa = PBXBuildFile; fileRef = 075568FB2A7FA41700617D64 /* SingleUserData.json */; };
		075568FE2A7FA4FE00617D64 /* UserDetailResponse.swift in Sources */ = {isa = PBXBuildFile; fileRef = 075568FD2A7FA4FE00617D64 /* UserDetailResponse.swift */; };
		075569002A7FA54500617D64 /* UsersResponse.swift in Sources */ = {isa = PBXBuildFile; fileRef = 075568FF2A7FA54500617D64 /* UsersResponse.swift */; };
		075569032A7FA60900617D64 /* Models.swift in Sources */ = {isa = PBXBuildFile; fileRef = 075569022A7FA60900617D64 /* Models.swift */; };
		075569082A7FA6AE00617D64 /* StaticJSONMapper.swift in Sources */ = {isa = PBXBuildFile; fileRef = 075569072A7FA6AE00617D64 /* StaticJSONMapper.swift */; };
		0755690A2A7FABE200617D64 /* PeopleView.swift in Sources */ = {isa = PBXBuildFile; fileRef = 075569092A7FABE200617D64 /* PeopleView.swift */; };
		0755690C2A8108DB00617D64 /* PersonItemView.swift in Sources */ = {isa = PBXBuildFile; fileRef = 0755690B2A8108DB00617D64 /* PersonItemView.swift */; };
		0755690F2A810A3900617D64 /* PillView.swift in Sources */ = {isa = PBXBuildFile; fileRef = 0755690E2A810A3900617D64 /* PillView.swift */; };
		075569112A8A5E4400617D64 /* DetailView.swift in Sources */ = {isa = PBXBuildFile; fileRef = 075569102A8A5E4400617D64 /* DetailView.swift */; };
		075569132A8A6A5600617D64 /* CreateView.swift in Sources */ = {isa = PBXBuildFile; fileRef = 075569122A8A6A5600617D64 /* CreateView.swift */; };
		075569162A8BA91C00617D64 /* NetworkingManager.swift in Sources */ = {isa = PBXBuildFile; fileRef = 075569152A8BA91C00617D64 /* NetworkingManager.swift */; };
		075569182A8BB1A600617D64 /* PeopleViewModel.swift in Sources */ = {isa = PBXBuildFile; fileRef = 075569172A8BB1A600617D64 /* PeopleViewModel.swift */; };
		0755691C2A8BB70400617D64 /* DetailViewModel.swift in Sources */ = {isa = PBXBuildFile; fileRef = 0755691B2A8BB70400617D64 /* DetailViewModel.swift */; };
		0755691E2A8CF23700617D64 /* NewPerson.swift in Sources */ = {isa = PBXBuildFile; fileRef = 0755691D2A8CF23700617D64 /* NewPerson.swift */; };
		075569202A8CF2C800617D64 /* CreateViewModel.swift in Sources */ = {isa = PBXBuildFile; fileRef = 0755691F2A8CF2C800617D64 /* CreateViewModel.swift */; };
		075569222A8D032B00617D64 /* CheckmarkPopoverView.swift in Sources */ = {isa = PBXBuildFile; fileRef = 075569212A8D032B00617D64 /* CheckmarkPopoverView.swift */; };
		075569252A8E3A8300617D64 /* CreateValidator.swift in Sources */ = {isa = PBXBuildFile; fileRef = 075569242A8E3A8300617D64 /* CreateValidator.swift */; };
		075569282A8E412A00617D64 /* HapticsManager.swift in Sources */ = {isa = PBXBuildFile; fileRef = 075569272A8E412A00617D64 /* HapticsManager.swift */; };
		0755692B2A8E42E800617D64 /* SettingsView.swift in Sources */ = {isa = PBXBuildFile; fileRef = 0755692A2A8E42E800617D64 /* SettingsView.swift */; };
		0755692E2A8E446400617D64 /* UserDefaultKeys.swift in Sources */ = {isa = PBXBuildFile; fileRef = 0755692D2A8E446400617D64 /* UserDefaultKeys.swift */; };
		075569342A8F94E600617D64 /* Endpoint.swift in Sources */ = {isa = PBXBuildFile; fileRef = 075569332A8F94E600617D64 /* Endpoint.swift */; };
		075569442A90F2C600617D64 /* JSONMapperTests.swift in Sources */ = {isa = PBXBuildFile; fileRef = 075569432A90F2C600617D64 /* JSONMapperTests.swift */; };
		075569472A91003B00617D64 /* CreteFormValidatorTests.swift in Sources */ = {isa = PBXBuildFile; fileRef = 075569462A91003B00617D64 /* CreteFormValidatorTests.swift */; };
		0755694B2A9391CB00617D64 /* NetworkingEndpointTests.swift in Sources */ = {isa = PBXBuildFile; fileRef = 0755694A2A9391CB00617D64 /* NetworkingEndpointTests.swift */; };
		0755694E2A939E1400617D64 /* MockURLSessionProtocol.swift in Sources */ = {isa = PBXBuildFile; fileRef = 0755694D2A939E1400617D64 /* MockURLSessionProtocol.swift */; };
		075569512A93A18B00617D64 /* NetworkingManagerTests.swift in Sources */ = {isa = PBXBuildFile; fileRef = 075569502A93A18B00617D64 /* NetworkingManagerTests.swift */; };
		075569542A94E51400617D64 /* PeopleViewModelSuccessTest.swift in Sources */ = {isa = PBXBuildFile; fileRef = 075569532A94E51400617D64 /* PeopleViewModelSuccessTest.swift */; };
		075569562A94E60300617D64 /* NetworkingManagerUserResponseSuccessMock.swift in Sources */ = {isa = PBXBuildFile; fileRef = 075569552A94E60300617D64 /* NetworkingManagerUserResponseSuccessMock.swift */; };
		0755695A2A98C7A200617D64 /* PeopleViewModelFailureTests.swift in Sources */ = {isa = PBXBuildFile; fileRef = 075569592A98C7A200617D64 /* PeopleViewModelFailureTests.swift */; };
		0755695C2A98C7CF00617D64 /* NetworkingManagerUserResponseFailureMock.swift in Sources */ = {isa = PBXBuildFile; fileRef = 0755695B2A98C7CF00617D64 /* NetworkingManagerUserResponseFailureMock.swift */; };
		075569622A98CC4C00617D64 /* NetworkingManagerUserDetailsResponseSuccessMock.swift in Sources */ = {isa = PBXBuildFile; fileRef = 075569612A98CC4C00617D64 /* NetworkingManagerUserDetailsResponseSuccessMock.swift */; };
		075569642A98CCF000617D64 /* NetworkingManagerUserDetailsResponseFailureMock.swift in Sources */ = {isa = PBXBuildFile; fileRef = 075569632A98CCF000617D64 /* NetworkingManagerUserDetailsResponseFailureMock.swift */; };
		075569672A98CD5000617D64 /* DetailsViewModelSuccessTests.swift in Sources */ = {isa = PBXBuildFile; fileRef = 075569662A98CD5000617D64 /* DetailsViewModelSuccessTests.swift */; };
		075569692A98CF5800617D64 /* DetailsViewModelFailureTests.swift in Sources */ = {isa = PBXBuildFile; fileRef = 075569682A98CF5800617D64 /* DetailsViewModelFailureTests.swift */; };
/* End PBXBuildFile section */

/* Begin PBXContainerItemProxy section */
		0755693D2A90F29600617D64 /* PBXContainerItemProxy */ = {
			isa = PBXContainerItemProxy;
			containerPortal = 075568C82A7E551100617D64 /* Project object */;
			proxyType = 1;
			remoteGlobalIDString = 075568CF2A7E551100617D64;
			remoteInfo = TakeHomeProject;
		};
/* End PBXContainerItemProxy section */

/* Begin PBXFileReference section */
		075568D02A7E551100617D64 /* TakeHomeProject.app */ = {isa = PBXFileReference; explicitFileType = wrapper.application; includeInIndex = 0; path = TakeHomeProject.app; sourceTree = BUILT_PRODUCTS_DIR; };
		075568D32A7E551100617D64 /* TakeHomeProjectApp.swift */ = {isa = PBXFileReference; lastKnownFileType = sourcecode.swift; path = TakeHomeProjectApp.swift; sourceTree = "<group>"; };
		075568D52A7E551100617D64 /* ContentView.swift */ = {isa = PBXFileReference; lastKnownFileType = sourcecode.swift; path = ContentView.swift; sourceTree = "<group>"; };
		075568D72A7E551200617D64 /* Assets.xcassets */ = {isa = PBXFileReference; lastKnownFileType = folder.assetcatalog; path = Assets.xcassets; sourceTree = "<group>"; };
		075568DA2A7E551200617D64 /* Preview Assets.xcassets */ = {isa = PBXFileReference; lastKnownFileType = folder.assetcatalog; path = "Preview Assets.xcassets"; sourceTree = "<group>"; };
		075568E22A7E558900617D64 /* Symbols.swift */ = {isa = PBXFileReference; lastKnownFileType = sourcecode.swift; path = Symbols.swift; sourceTree = "<group>"; };
		075568E42A7E576000617D64 /* Theme.swift */ = {isa = PBXFileReference; lastKnownFileType = sourcecode.swift; path = Theme.swift; sourceTree = "<group>"; };
		075568F52A7E5AF400617D64 /* Info.plist */ = {isa = PBXFileReference; lastKnownFileType = text.plist; path = Info.plist; sourceTree = "<group>"; };
		075568F72A7FA39800617D64 /* UsersStaticData.json */ = {isa = PBXFileReference; lastKnownFileType = text.json; path = UsersStaticData.json; sourceTree = "<group>"; };
		075568FB2A7FA41700617D64 /* SingleUserData.json */ = {isa = PBXFileReference; lastKnownFileType = text.json; path = SingleUserData.json; sourceTree = "<group>"; };
		075568FD2A7FA4FE00617D64 /* UserDetailResponse.swift */ = {isa = PBXFileReference; lastKnownFileType = sourcecode.swift; path = UserDetailResponse.swift; sourceTree = "<group>"; };
		075568FF2A7FA54500617D64 /* UsersResponse.swift */ = {isa = PBXFileReference; lastKnownFileType = sourcecode.swift; path = UsersResponse.swift; sourceTree = "<group>"; };
		075569022A7FA60900617D64 /* Models.swift */ = {isa = PBXFileReference; lastKnownFileType = sourcecode.swift; path = Models.swift; sourceTree = "<group>"; };
		075569072A7FA6AE00617D64 /* StaticJSONMapper.swift */ = {isa = PBXFileReference; lastKnownFileType = sourcecode.swift; path = StaticJSONMapper.swift; sourceTree = "<group>"; };
		075569092A7FABE200617D64 /* PeopleView.swift */ = {isa = PBXFileReference; lastKnownFileType = sourcecode.swift; path = PeopleView.swift; sourceTree = "<group>"; };
		0755690B2A8108DB00617D64 /* PersonItemView.swift */ = {isa = PBXFileReference; lastKnownFileType = sourcecode.swift; path = PersonItemView.swift; sourceTree = "<group>"; };
		0755690E2A810A3900617D64 /* PillView.swift */ = {isa = PBXFileReference; lastKnownFileType = sourcecode.swift; path = PillView.swift; sourceTree = "<group>"; };
		075569102A8A5E4400617D64 /* DetailView.swift */ = {isa = PBXFileReference; lastKnownFileType = sourcecode.swift; path = DetailView.swift; sourceTree = "<group>"; };
		075569122A8A6A5600617D64 /* CreateView.swift */ = {isa = PBXFileReference; lastKnownFileType = sourcecode.swift; path = CreateView.swift; sourceTree = "<group>"; };
		075569152A8BA91C00617D64 /* NetworkingManager.swift */ = {isa = PBXFileReference; lastKnownFileType = sourcecode.swift; path = NetworkingManager.swift; sourceTree = "<group>"; };
		075569172A8BB1A600617D64 /* PeopleViewModel.swift */ = {isa = PBXFileReference; lastKnownFileType = sourcecode.swift; path = PeopleViewModel.swift; sourceTree = "<group>"; };
		0755691B2A8BB70400617D64 /* DetailViewModel.swift */ = {isa = PBXFileReference; lastKnownFileType = sourcecode.swift; path = DetailViewModel.swift; sourceTree = "<group>"; };
		0755691D2A8CF23700617D64 /* NewPerson.swift */ = {isa = PBXFileReference; lastKnownFileType = sourcecode.swift; path = NewPerson.swift; sourceTree = "<group>"; };
		0755691F2A8CF2C800617D64 /* CreateViewModel.swift */ = {isa = PBXFileReference; lastKnownFileType = sourcecode.swift; path = CreateViewModel.swift; sourceTree = "<group>"; };
		075569212A8D032B00617D64 /* CheckmarkPopoverView.swift */ = {isa = PBXFileReference; lastKnownFileType = sourcecode.swift; path = CheckmarkPopoverView.swift; sourceTree = "<group>"; };
		075569242A8E3A8300617D64 /* CreateValidator.swift */ = {isa = PBXFileReference; lastKnownFileType = sourcecode.swift; path = CreateValidator.swift; sourceTree = "<group>"; };
		075569272A8E412A00617D64 /* HapticsManager.swift */ = {isa = PBXFileReference; lastKnownFileType = sourcecode.swift; path = HapticsManager.swift; sourceTree = "<group>"; };
		0755692A2A8E42E800617D64 /* SettingsView.swift */ = {isa = PBXFileReference; lastKnownFileType = sourcecode.swift; path = SettingsView.swift; sourceTree = "<group>"; };
		0755692D2A8E446400617D64 /* UserDefaultKeys.swift */ = {isa = PBXFileReference; lastKnownFileType = sourcecode.swift; path = UserDefaultKeys.swift; sourceTree = "<group>"; };
		075569332A8F94E600617D64 /* Endpoint.swift */ = {isa = PBXFileReference; lastKnownFileType = sourcecode.swift; path = Endpoint.swift; sourceTree = "<group>"; };
		075569392A90F29600617D64 /* TakeHomeProjectTests.xctest */ = {isa = PBXFileReference; explicitFileType = wrapper.cfbundle; includeInIndex = 0; path = TakeHomeProjectTests.xctest; sourceTree = BUILT_PRODUCTS_DIR; };
		075569432A90F2C600617D64 /* JSONMapperTests.swift */ = {isa = PBXFileReference; lastKnownFileType = sourcecode.swift; path = JSONMapperTests.swift; sourceTree = "<group>"; };
		075569462A91003B00617D64 /* CreteFormValidatorTests.swift */ = {isa = PBXFileReference; lastKnownFileType = sourcecode.swift; path = CreteFormValidatorTests.swift; sourceTree = "<group>"; };
		0755694A2A9391CB00617D64 /* NetworkingEndpointTests.swift */ = {isa = PBXFileReference; lastKnownFileType = sourcecode.swift; path = NetworkingEndpointTests.swift; sourceTree = "<group>"; };
		0755694D2A939E1400617D64 /* MockURLSessionProtocol.swift */ = {isa = PBXFileReference; lastKnownFileType = sourcecode.swift; path = MockURLSessionProtocol.swift; sourceTree = "<group>"; };
		075569502A93A18B00617D64 /* NetworkingManagerTests.swift */ = {isa = PBXFileReference; lastKnownFileType = sourcecode.swift; path = NetworkingManagerTests.swift; sourceTree = "<group>"; };
		075569532A94E51400617D64 /* PeopleViewModelSuccessTest.swift */ = {isa = PBXFileReference; lastKnownFileType = sourcecode.swift; path = PeopleViewModelSuccessTest.swift; sourceTree = "<group>"; };
		075569552A94E60300617D64 /* NetworkingManagerUserResponseSuccessMock.swift */ = {isa = PBXFileReference; lastKnownFileType = sourcecode.swift; path = NetworkingManagerUserResponseSuccessMock.swift; sourceTree = "<group>"; };
		075569592A98C7A200617D64 /* PeopleViewModelFailureTests.swift */ = {isa = PBXFileReference; lastKnownFileType = sourcecode.swift; path = PeopleViewModelFailureTests.swift; sourceTree = "<group>"; };
		0755695B2A98C7CF00617D64 /* NetworkingManagerUserResponseFailureMock.swift */ = {isa = PBXFileReference; lastKnownFileType = sourcecode.swift; path = NetworkingManagerUserResponseFailureMock.swift; sourceTree = "<group>"; };
		075569612A98CC4C00617D64 /* NetworkingManagerUserDetailsResponseSuccessMock.swift */ = {isa = PBXFileReference; lastKnownFileType = sourcecode.swift; path = NetworkingManagerUserDetailsResponseSuccessMock.swift; sourceTree = "<group>"; };
		075569632A98CCF000617D64 /* NetworkingManagerUserDetailsResponseFailureMock.swift */ = {isa = PBXFileReference; lastKnownFileType = sourcecode.swift; path = NetworkingManagerUserDetailsResponseFailureMock.swift; sourceTree = "<group>"; };
		075569662A98CD5000617D64 /* DetailsViewModelSuccessTests.swift */ = {isa = PBXFileReference; lastKnownFileType = sourcecode.swift; path = DetailsViewModelSuccessTests.swift; sourceTree = "<group>"; };
		075569682A98CF5800617D64 /* DetailsViewModelFailureTests.swift */ = {isa = PBXFileReference; lastKnownFileType = sourcecode.swift; path = DetailsViewModelFailureTests.swift; sourceTree = "<group>"; };
/* End PBXFileReference section */

/* Begin PBXFrameworksBuildPhase section */
		075568CD2A7E551100617D64 /* Frameworks */ = {
			isa = PBXFrameworksBuildPhase;
			buildActionMask = 2147483647;
			files = (
			);
			runOnlyForDeploymentPostprocessing = 0;
		};
		075569362A90F29600617D64 /* Frameworks */ = {
			isa = PBXFrameworksBuildPhase;
			buildActionMask = 2147483647;
			files = (
			);
			runOnlyForDeploymentPostprocessing = 0;
		};
/* End PBXFrameworksBuildPhase section */

/* Begin PBXGroup section */
		075568C72A7E551100617D64 = {
			isa = PBXGroup;
			children = (
				075568D22A7E551100617D64 /* TakeHomeProject */,
				075568D72A7E551200617D64 /* Assets.xcassets */,
				0755693A2A90F29600617D64 /* TakeHomeProjectTests */,
				075568D12A7E551100617D64 /* Products */,
			);
			sourceTree = "<group>";
		};
		075568D12A7E551100617D64 /* Products */ = {
			isa = PBXGroup;
			children = (
				075568D02A7E551100617D64 /* TakeHomeProject.app */,
				075569392A90F29600617D64 /* TakeHomeProjectTests.xctest */,
			);
			name = Products;
			sourceTree = "<group>";
		};
		075568D22A7E551100617D64 /* TakeHomeProject */ = {
			isa = PBXGroup;
			children = (
				075568F52A7E5AF400617D64 /* Info.plist */,
				075568E72A7E596800617D64 /* Features */,
				075568E62A7E596200617D64 /* Base */,
				075568E12A7E552500617D64 /* Ressources */,
				075568D32A7E551100617D64 /* TakeHomeProjectApp.swift */,
				075568D52A7E551100617D64 /* ContentView.swift */,
				075568D92A7E551200617D64 /* Preview Content */,
			);
			path = TakeHomeProject;
			sourceTree = "<group>";
		};
		075568D92A7E551200617D64 /* Preview Content */ = {
			isa = PBXGroup;
			children = (
				075568DA2A7E551200617D64 /* Preview Assets.xcassets */,
			);
			path = "Preview Content";
			sourceTree = "<group>";
		};
		075568E12A7E552500617D64 /* Ressources */ = {
			isa = PBXGroup;
			children = (
				075568F62A7FA35700617D64 /* JSON */,
				075568E22A7E558900617D64 /* Symbols.swift */,
				075568E42A7E576000617D64 /* Theme.swift */,
			);
			path = Ressources;
			sourceTree = "<group>";
		};
		075568E62A7E596200617D64 /* Base */ = {
			isa = PBXGroup;
			children = (
				0755692C2A8E444A00617D64 /* UserDefaults */,
				075569262A8E412000617D64 /* Haptics */,
				075569142A8BA90800617D64 /* API */,
				0755690D2A810A2700617D64 /* Views */,
				075569042A7FA63A00617D64 /* Mapper */,
				075569012A7FA60100617D64 /* Model */,
			);
			path = Base;
			sourceTree = "<group>";
		};
		075568E72A7E596800617D64 /* Features */ = {
			isa = PBXGroup;
			children = (
				075568EB2A7E598200617D64 /* Settings */,
				075568EA2A7E597D00617D64 /* Detail */,
				075568E92A7E597800617D64 /* Create */,
				075568E82A7E597000617D64 /* People */,
			);
			path = Features;
			sourceTree = "<group>";
		};
		075568E82A7E597000617D64 /* People */ = {
			isa = PBXGroup;
			children = (
				075568EE2A7E599A00617D64 /* ViewModels */,
				075568ED2A7E599500617D64 /* Model */,
				075568EC2A7E598F00617D64 /* Views */,
			);
			path = People;
			sourceTree = "<group>";
		};
		075568E92A7E597800617D64 /* Create */ = {
			isa = PBXGroup;
			children = (
				075569232A8E3A7B00617D64 /* Validator */,
				075568F12A7E59E100617D64 /* ViewModels */,
				075568F02A7E59DE00617D64 /* Model */,
				075568EF2A7E59D900617D64 /* Views */,
			);
			path = Create;
			sourceTree = "<group>";
		};
		075568EA2A7E597D00617D64 /* Detail */ = {
			isa = PBXGroup;
			children = (
				075568F42A7E59EF00617D64 /* ViewModels */,
				075568F32A7E59EA00617D64 /* Model */,
				075568F22A7E59E600617D64 /* Views */,
			);
			path = Detail;
			sourceTree = "<group>";
		};
		075568EB2A7E598200617D64 /* Settings */ = {
			isa = PBXGroup;
			children = (
				075569292A8E42DF00617D64 /* Views */,
			);
			path = Settings;
			sourceTree = "<group>";
		};
		075568EC2A7E598F00617D64 /* Views */ = {
			isa = PBXGroup;
			children = (
				075569092A7FABE200617D64 /* PeopleView.swift */,
				0755690B2A8108DB00617D64 /* PersonItemView.swift */,
			);
			path = Views;
			sourceTree = "<group>";
		};
		075568ED2A7E599500617D64 /* Model */ = {
			isa = PBXGroup;
			children = (
				075568FF2A7FA54500617D64 /* UsersResponse.swift */,
			);
			path = Model;
			sourceTree = "<group>";
		};
		075568EE2A7E599A00617D64 /* ViewModels */ = {
			isa = PBXGroup;
			children = (
				075569172A8BB1A600617D64 /* PeopleViewModel.swift */,
			);
			path = ViewModels;
			sourceTree = "<group>";
		};
		075568EF2A7E59D900617D64 /* Views */ = {
			isa = PBXGroup;
			children = (
				075569122A8A6A5600617D64 /* CreateView.swift */,
			);
			path = Views;
			sourceTree = "<group>";
		};
		075568F02A7E59DE00617D64 /* Model */ = {
			isa = PBXGroup;
			children = (
				0755691D2A8CF23700617D64 /* NewPerson.swift */,
			);
			path = Model;
			sourceTree = "<group>";
		};
		075568F12A7E59E100617D64 /* ViewModels */ = {
			isa = PBXGroup;
			children = (
				0755691F2A8CF2C800617D64 /* CreateViewModel.swift */,
			);
			path = ViewModels;
			sourceTree = "<group>";
		};
		075568F22A7E59E600617D64 /* Views */ = {
			isa = PBXGroup;
			children = (
				075569102A8A5E4400617D64 /* DetailView.swift */,
			);
			path = Views;
			sourceTree = "<group>";
		};
		075568F32A7E59EA00617D64 /* Model */ = {
			isa = PBXGroup;
			children = (
				075568FD2A7FA4FE00617D64 /* UserDetailResponse.swift */,
			);
			path = Model;
			sourceTree = "<group>";
		};
		075568F42A7E59EF00617D64 /* ViewModels */ = {
			isa = PBXGroup;
			children = (
				0755691B2A8BB70400617D64 /* DetailViewModel.swift */,
			);
			path = ViewModels;
			sourceTree = "<group>";
		};
		075568F62A7FA35700617D64 /* JSON */ = {
			isa = PBXGroup;
			children = (
				075568F72A7FA39800617D64 /* UsersStaticData.json */,
				075568FB2A7FA41700617D64 /* SingleUserData.json */,
			);
			path = JSON;
			sourceTree = "<group>";
		};
		075569012A7FA60100617D64 /* Model */ = {
			isa = PBXGroup;
			children = (
				075569022A7FA60900617D64 /* Models.swift */,
			);
			path = Model;
			sourceTree = "<group>";
		};
		075569042A7FA63A00617D64 /* Mapper */ = {
			isa = PBXGroup;
			children = (
				075569072A7FA6AE00617D64 /* StaticJSONMapper.swift */,
			);
			path = Mapper;
			sourceTree = "<group>";
		};
		0755690D2A810A2700617D64 /* Views */ = {
			isa = PBXGroup;
			children = (
				0755690E2A810A3900617D64 /* PillView.swift */,
				075569212A8D032B00617D64 /* CheckmarkPopoverView.swift */,
			);
			path = Views;
			sourceTree = "<group>";
		};
		075569142A8BA90800617D64 /* API */ = {
			isa = PBXGroup;
			children = (
				075569152A8BA91C00617D64 /* NetworkingManager.swift */,
				075569332A8F94E600617D64 /* Endpoint.swift */,
			);
			path = API;
			sourceTree = "<group>";
		};
		075569232A8E3A7B00617D64 /* Validator */ = {
			isa = PBXGroup;
			children = (
				075569242A8E3A8300617D64 /* CreateValidator.swift */,
			);
			path = Validator;
			sourceTree = "<group>";
		};
		075569262A8E412000617D64 /* Haptics */ = {
			isa = PBXGroup;
			children = (
				075569272A8E412A00617D64 /* HapticsManager.swift */,
			);
			path = Haptics;
			sourceTree = "<group>";
		};
		075569292A8E42DF00617D64 /* Views */ = {
			isa = PBXGroup;
			children = (
				0755692A2A8E42E800617D64 /* SettingsView.swift */,
			);
			path = Views;
			sourceTree = "<group>";
		};
		0755692C2A8E444A00617D64 /* UserDefaults */ = {
			isa = PBXGroup;
			children = (
				0755692D2A8E446400617D64 /* UserDefaultKeys.swift */,
			);
			path = UserDefaults;
			sourceTree = "<group>";
		};
		0755693A2A90F29600617D64 /* TakeHomeProjectTests */ = {
			isa = PBXGroup;
			children = (
				075569652A98CD2D00617D64 /* Details */,
				075569522A94E4F700617D64 /* People */,
				075569482A9391A700617D64 /* Networking */,
				075569452A90FFF700617D64 /* Form */,
				075569422A90F2B400617D64 /* Mapper */,
			);
			path = TakeHomeProjectTests;
			sourceTree = "<group>";
		};
		075569422A90F2B400617D64 /* Mapper */ = {
			isa = PBXGroup;
			children = (
				075569432A90F2C600617D64 /* JSONMapperTests.swift */,
			);
			path = Mapper;
			sourceTree = "<group>";
		};
		075569452A90FFF700617D64 /* Form */ = {
			isa = PBXGroup;
			children = (
				075569462A91003B00617D64 /* CreteFormValidatorTests.swift */,
			);
			path = Form;
			sourceTree = "<group>";
		};
		075569482A9391A700617D64 /* Networking */ = {
			isa = PBXGroup;
			children = (
				0755694F2A93A17000617D64 /* NetworkingManager */,
				0755694C2A939DD800617D64 /* Mocks */,
				075569492A9391B000617D64 /* Endpoint */,
			);
			path = Networking;
			sourceTree = "<group>";
		};
		075569492A9391B000617D64 /* Endpoint */ = {
			isa = PBXGroup;
			children = (
				0755694A2A9391CB00617D64 /* NetworkingEndpointTests.swift */,
			);
			path = Endpoint;
			sourceTree = "<group>";
		};
		0755694C2A939DD800617D64 /* Mocks */ = {
			isa = PBXGroup;
			children = (
				0755694D2A939E1400617D64 /* MockURLSessionProtocol.swift */,
				0755695E2A98CBFC00617D64 /* UserDetails */,
				0755695D2A98CBF200617D64 /* UserResponse */,
			);
			path = Mocks;
			sourceTree = "<group>";
		};
		0755694F2A93A17000617D64 /* NetworkingManager */ = {
			isa = PBXGroup;
			children = (
				075569502A93A18B00617D64 /* NetworkingManagerTests.swift */,
			);
			path = NetworkingManager;
			sourceTree = "<group>";
		};
		075569522A94E4F700617D64 /* People */ = {
			isa = PBXGroup;
			children = (
				075569532A94E51400617D64 /* PeopleViewModelSuccessTest.swift */,
				075569592A98C7A200617D64 /* PeopleViewModelFailureTests.swift */,
			);
			path = People;
			sourceTree = "<group>";
		};
		0755695D2A98CBF200617D64 /* UserResponse */ = {
			isa = PBXGroup;
			children = (
				075569552A94E60300617D64 /* NetworkingManagerUserResponseSuccessMock.swift */,
				0755695B2A98C7CF00617D64 /* NetworkingManagerUserResponseFailureMock.swift */,
			);
			path = UserResponse;
			sourceTree = "<group>";
		};
		0755695E2A98CBFC00617D64 /* UserDetails */ = {
			isa = PBXGroup;
			children = (
				075569612A98CC4C00617D64 /* NetworkingManagerUserDetailsResponseSuccessMock.swift */,
				075569632A98CCF000617D64 /* NetworkingManagerUserDetailsResponseFailureMock.swift */,
			);
			path = UserDetails;
			sourceTree = "<group>";
		};
		075569652A98CD2D00617D64 /* Details */ = {
			isa = PBXGroup;
			children = (
				075569662A98CD5000617D64 /* DetailsViewModelSuccessTests.swift */,
				075569682A98CF5800617D64 /* DetailsViewModelFailureTests.swift */,
			);
			path = Details;
			sourceTree = "<group>";
		};
/* End PBXGroup section */

/* Begin PBXNativeTarget section */
		075568CF2A7E551100617D64 /* TakeHomeProject */ = {
			isa = PBXNativeTarget;
			buildConfigurationList = 075568DE2A7E551200617D64 /* Build configuration list for PBXNativeTarget "TakeHomeProject" */;
			buildPhases = (
				075568CC2A7E551100617D64 /* Sources */,
				075568CD2A7E551100617D64 /* Frameworks */,
				075568CE2A7E551100617D64 /* Resources */,
			);
			buildRules = (
			);
			dependencies = (
			);
			name = TakeHomeProject;
			productName = TakeHomeProject;
			productReference = 075568D02A7E551100617D64 /* TakeHomeProject.app */;
			productType = "com.apple.product-type.application";
		};
		075569382A90F29600617D64 /* TakeHomeProjectTests */ = {
			isa = PBXNativeTarget;
			buildConfigurationList = 0755693F2A90F29600617D64 /* Build configuration list for PBXNativeTarget "TakeHomeProjectTests" */;
			buildPhases = (
				075569352A90F29600617D64 /* Sources */,
				075569362A90F29600617D64 /* Frameworks */,
				075569372A90F29600617D64 /* Resources */,
			);
			buildRules = (
			);
			dependencies = (
				0755693E2A90F29600617D64 /* PBXTargetDependency */,
			);
			name = TakeHomeProjectTests;
			productName = TakeHomeProjectTests;
			productReference = 075569392A90F29600617D64 /* TakeHomeProjectTests.xctest */;
			productType = "com.apple.product-type.bundle.unit-test";
		};
/* End PBXNativeTarget section */

/* Begin PBXProject section */
		075568C82A7E551100617D64 /* Project object */ = {
			isa = PBXProject;
			attributes = {
				BuildIndependentTargetsInParallel = 1;
				LastSwiftUpdateCheck = 1430;
				LastUpgradeCheck = 1430;
				TargetAttributes = {
					075568CF2A7E551100617D64 = {
						CreatedOnToolsVersion = 14.3.1;
					};
					075569382A90F29600617D64 = {
						CreatedOnToolsVersion = 14.3.1;
						TestTargetID = 075568CF2A7E551100617D64;
					};
				};
			};
			buildConfigurationList = 075568CB2A7E551100617D64 /* Build configuration list for PBXProject "TakeHomeProject" */;
			compatibilityVersion = "Xcode 14.0";
			developmentRegion = en;
			hasScannedForEncodings = 0;
			knownRegions = (
				en,
				Base,
			);
			mainGroup = 075568C72A7E551100617D64;
			productRefGroup = 075568D12A7E551100617D64 /* Products */;
			projectDirPath = "";
			projectRoot = "";
			targets = (
				075568CF2A7E551100617D64 /* TakeHomeProject */,
				075569382A90F29600617D64 /* TakeHomeProjectTests */,
			);
		};
/* End PBXProject section */

/* Begin PBXResourcesBuildPhase section */
		075568CE2A7E551100617D64 /* Resources */ = {
			isa = PBXResourcesBuildPhase;
			buildActionMask = 2147483647;
			files = (
				075568DB2A7E551200617D64 /* Preview Assets.xcassets in Resources */,
				075568D82A7E551200617D64 /* Assets.xcassets in Resources */,
				075568FC2A7FA41700617D64 /* SingleUserData.json in Resources */,
				075568F82A7FA39800617D64 /* UsersStaticData.json in Resources */,
			);
			runOnlyForDeploymentPostprocessing = 0;
		};
		075569372A90F29600617D64 /* Resources */ = {
			isa = PBXResourcesBuildPhase;
			buildActionMask = 2147483647;
			files = (
			);
			runOnlyForDeploymentPostprocessing = 0;
		};
/* End PBXResourcesBuildPhase section */

/* Begin PBXSourcesBuildPhase section */
		075568CC2A7E551100617D64 /* Sources */ = {
			isa = PBXSourcesBuildPhase;
			buildActionMask = 2147483647;
			files = (
				075569082A7FA6AE00617D64 /* StaticJSONMapper.swift in Sources */,
				075569112A8A5E4400617D64 /* DetailView.swift in Sources */,
				075569252A8E3A8300617D64 /* CreateValidator.swift in Sources */,
				075568E32A7E558900617D64 /* Symbols.swift in Sources */,
				0755690A2A7FABE200617D64 /* PeopleView.swift in Sources */,
				075568E52A7E576000617D64 /* Theme.swift in Sources */,
				0755691E2A8CF23700617D64 /* NewPerson.swift in Sources */,
				075569202A8CF2C800617D64 /* CreateViewModel.swift in Sources */,
				075568D62A7E551100617D64 /* ContentView.swift in Sources */,
				075569282A8E412A00617D64 /* HapticsManager.swift in Sources */,
				075569342A8F94E600617D64 /* Endpoint.swift in Sources */,
				075568FE2A7FA4FE00617D64 /* UserDetailResponse.swift in Sources */,
				0755690F2A810A3900617D64 /* PillView.swift in Sources */,
				0755692E2A8E446400617D64 /* UserDefaultKeys.swift in Sources */,
				075569132A8A6A5600617D64 /* CreateView.swift in Sources */,
				075568D42A7E551100617D64 /* TakeHomeProjectApp.swift in Sources */,
				075569002A7FA54500617D64 /* UsersResponse.swift in Sources */,
				0755690C2A8108DB00617D64 /* PersonItemView.swift in Sources */,
				075569032A7FA60900617D64 /* Models.swift in Sources */,
				075569182A8BB1A600617D64 /* PeopleViewModel.swift in Sources */,
				075569162A8BA91C00617D64 /* NetworkingManager.swift in Sources */,
				075569222A8D032B00617D64 /* CheckmarkPopoverView.swift in Sources */,
				0755691C2A8BB70400617D64 /* DetailViewModel.swift in Sources */,
				0755692B2A8E42E800617D64 /* SettingsView.swift in Sources */,
			);
			runOnlyForDeploymentPostprocessing = 0;
		};
		075569352A90F29600617D64 /* Sources */ = {
			isa = PBXSourcesBuildPhase;
			buildActionMask = 2147483647;
			files = (
				0755695A2A98C7A200617D64 /* PeopleViewModelFailureTests.swift in Sources */,
				075569542A94E51400617D64 /* PeopleViewModelSuccessTest.swift in Sources */,
				075569692A98CF5800617D64 /* DetailsViewModelFailureTests.swift in Sources */,
				075569622A98CC4C00617D64 /* NetworkingManagerUserDetailsResponseSuccessMock.swift in Sources */,
				075569562A94E60300617D64 /* NetworkingManagerUserResponseSuccessMock.swift in Sources */,
				075569512A93A18B00617D64 /* NetworkingManagerTests.swift in Sources */,
				0755695C2A98C7CF00617D64 /* NetworkingManagerUserResponseFailureMock.swift in Sources */,
				075569472A91003B00617D64 /* CreteFormValidatorTests.swift in Sources */,
				075569672A98CD5000617D64 /* DetailsViewModelSuccessTests.swift in Sources */,
				075569442A90F2C600617D64 /* JSONMapperTests.swift in Sources */,
				075569642A98CCF000617D64 /* NetworkingManagerUserDetailsResponseFailureMock.swift in Sources */,
				0755694E2A939E1400617D64 /* MockURLSessionProtocol.swift in Sources */,
				0755694B2A9391CB00617D64 /* NetworkingEndpointTests.swift in Sources */,
			);
			runOnlyForDeploymentPostprocessing = 0;
		};
/* End PBXSourcesBuildPhase section */

/* Begin PBXTargetDependency section */
		0755693E2A90F29600617D64 /* PBXTargetDependency */ = {
			isa = PBXTargetDependency;
			target = 075568CF2A7E551100617D64 /* TakeHomeProject */;
			targetProxy = 0755693D2A90F29600617D64 /* PBXContainerItemProxy */;
		};
/* End PBXTargetDependency section */

/* Begin XCBuildConfiguration section */
		075568DC2A7E551200617D64 /* Debug */ = {
			isa = XCBuildConfiguration;
			buildSettings = {
				ALWAYS_SEARCH_USER_PATHS = NO;
				CLANG_ANALYZER_NONNULL = YES;
				CLANG_ANALYZER_NUMBER_OBJECT_CONVERSION = YES_AGGRESSIVE;
				CLANG_CXX_LANGUAGE_STANDARD = "gnu++20";
				CLANG_ENABLE_MODULES = YES;
				CLANG_ENABLE_OBJC_ARC = YES;
				CLANG_ENABLE_OBJC_WEAK = YES;
				CLANG_WARN_BLOCK_CAPTURE_AUTORELEASING = YES;
				CLANG_WARN_BOOL_CONVERSION = YES;
				CLANG_WARN_COMMA = YES;
				CLANG_WARN_CONSTANT_CONVERSION = YES;
				CLANG_WARN_DEPRECATED_OBJC_IMPLEMENTATIONS = YES;
				CLANG_WARN_DIRECT_OBJC_ISA_USAGE = YES_ERROR;
				CLANG_WARN_DOCUMENTATION_COMMENTS = YES;
				CLANG_WARN_EMPTY_BODY = YES;
				CLANG_WARN_ENUM_CONVERSION = YES;
				CLANG_WARN_INFINITE_RECURSION = YES;
				CLANG_WARN_INT_CONVERSION = YES;
				CLANG_WARN_NON_LITERAL_NULL_CONVERSION = YES;
				CLANG_WARN_OBJC_IMPLICIT_RETAIN_SELF = YES;
				CLANG_WARN_OBJC_LITERAL_CONVERSION = YES;
				CLANG_WARN_OBJC_ROOT_CLASS = YES_ERROR;
				CLANG_WARN_QUOTED_INCLUDE_IN_FRAMEWORK_HEADER = YES;
				CLANG_WARN_RANGE_LOOP_ANALYSIS = YES;
				CLANG_WARN_STRICT_PROTOTYPES = YES;
				CLANG_WARN_SUSPICIOUS_MOVE = YES;
				CLANG_WARN_UNGUARDED_AVAILABILITY = YES_AGGRESSIVE;
				CLANG_WARN_UNREACHABLE_CODE = YES;
				CLANG_WARN__DUPLICATE_METHOD_MATCH = YES;
				COPY_PHASE_STRIP = NO;
				DEBUG_INFORMATION_FORMAT = dwarf;
				ENABLE_STRICT_OBJC_MSGSEND = YES;
				ENABLE_TESTABILITY = YES;
				GCC_C_LANGUAGE_STANDARD = gnu11;
				GCC_DYNAMIC_NO_PIC = NO;
				GCC_NO_COMMON_BLOCKS = YES;
				GCC_OPTIMIZATION_LEVEL = 0;
				GCC_PREPROCESSOR_DEFINITIONS = (
					"DEBUG=1",
					"$(inherited)",
				);
				GCC_WARN_64_TO_32_BIT_CONVERSION = YES;
				GCC_WARN_ABOUT_RETURN_TYPE = YES_ERROR;
				GCC_WARN_UNDECLARED_SELECTOR = YES;
				GCC_WARN_UNINITIALIZED_AUTOS = YES_AGGRESSIVE;
				GCC_WARN_UNUSED_FUNCTION = YES;
				GCC_WARN_UNUSED_VARIABLE = YES;
				IPHONEOS_DEPLOYMENT_TARGET = 16.4;
				MTL_ENABLE_DEBUG_INFO = INCLUDE_SOURCE;
				MTL_FAST_MATH = YES;
				ONLY_ACTIVE_ARCH = YES;
				SDKROOT = iphoneos;
				SWIFT_ACTIVE_COMPILATION_CONDITIONS = DEBUG;
				SWIFT_OPTIMIZATION_LEVEL = "-Onone";
			};
			name = Debug;
		};
		075568DD2A7E551200617D64 /* Release */ = {
			isa = XCBuildConfiguration;
			buildSettings = {
				ALWAYS_SEARCH_USER_PATHS = NO;
				CLANG_ANALYZER_NONNULL = YES;
				CLANG_ANALYZER_NUMBER_OBJECT_CONVERSION = YES_AGGRESSIVE;
				CLANG_CXX_LANGUAGE_STANDARD = "gnu++20";
				CLANG_ENABLE_MODULES = YES;
				CLANG_ENABLE_OBJC_ARC = YES;
				CLANG_ENABLE_OBJC_WEAK = YES;
				CLANG_WARN_BLOCK_CAPTURE_AUTORELEASING = YES;
				CLANG_WARN_BOOL_CONVERSION = YES;
				CLANG_WARN_COMMA = YES;
				CLANG_WARN_CONSTANT_CONVERSION = YES;
				CLANG_WARN_DEPRECATED_OBJC_IMPLEMENTATIONS = YES;
				CLANG_WARN_DIRECT_OBJC_ISA_USAGE = YES_ERROR;
				CLANG_WARN_DOCUMENTATION_COMMENTS = YES;
				CLANG_WARN_EMPTY_BODY = YES;
				CLANG_WARN_ENUM_CONVERSION = YES;
				CLANG_WARN_INFINITE_RECURSION = YES;
				CLANG_WARN_INT_CONVERSION = YES;
				CLANG_WARN_NON_LITERAL_NULL_CONVERSION = YES;
				CLANG_WARN_OBJC_IMPLICIT_RETAIN_SELF = YES;
				CLANG_WARN_OBJC_LITERAL_CONVERSION = YES;
				CLANG_WARN_OBJC_ROOT_CLASS = YES_ERROR;
				CLANG_WARN_QUOTED_INCLUDE_IN_FRAMEWORK_HEADER = YES;
				CLANG_WARN_RANGE_LOOP_ANALYSIS = YES;
				CLANG_WARN_STRICT_PROTOTYPES = YES;
				CLANG_WARN_SUSPICIOUS_MOVE = YES;
				CLANG_WARN_UNGUARDED_AVAILABILITY = YES_AGGRESSIVE;
				CLANG_WARN_UNREACHABLE_CODE = YES;
				CLANG_WARN__DUPLICATE_METHOD_MATCH = YES;
				COPY_PHASE_STRIP = NO;
				DEBUG_INFORMATION_FORMAT = "dwarf-with-dsym";
				ENABLE_NS_ASSERTIONS = NO;
				ENABLE_STRICT_OBJC_MSGSEND = YES;
				GCC_C_LANGUAGE_STANDARD = gnu11;
				GCC_NO_COMMON_BLOCKS = YES;
				GCC_WARN_64_TO_32_BIT_CONVERSION = YES;
				GCC_WARN_ABOUT_RETURN_TYPE = YES_ERROR;
				GCC_WARN_UNDECLARED_SELECTOR = YES;
				GCC_WARN_UNINITIALIZED_AUTOS = YES_AGGRESSIVE;
				GCC_WARN_UNUSED_FUNCTION = YES;
				GCC_WARN_UNUSED_VARIABLE = YES;
				IPHONEOS_DEPLOYMENT_TARGET = 16.4;
				MTL_ENABLE_DEBUG_INFO = NO;
				MTL_FAST_MATH = YES;
				SDKROOT = iphoneos;
				SWIFT_COMPILATION_MODE = wholemodule;
				SWIFT_OPTIMIZATION_LEVEL = "-O";
				VALIDATE_PRODUCT = YES;
			};
			name = Release;
		};
		075568DF2A7E551200617D64 /* Debug */ = {
			isa = XCBuildConfiguration;
			buildSettings = {
				ASSETCATALOG_COMPILER_APPICON_NAME = AppIcon;
				ASSETCATALOG_COMPILER_GLOBAL_ACCENT_COLOR_NAME = AccentColor;
				CODE_SIGN_STYLE = Automatic;
				CURRENT_PROJECT_VERSION = 1;
				DEVELOPMENT_ASSET_PATHS = "\"TakeHomeProject/Preview Content\"";
				DEVELOPMENT_TEAM = H7MDDDPC4H;
				ENABLE_PREVIEWS = YES;
				GENERATE_INFOPLIST_FILE = YES;
				INFOPLIST_FILE = TakeHomeProject/Info.plist;
				INFOPLIST_KEY_UIApplicationSceneManifest_Generation = YES;
				INFOPLIST_KEY_UIApplicationSupportsIndirectInputEvents = YES;
				INFOPLIST_KEY_UISupportedInterfaceOrientations_iPad = "UIInterfaceOrientationPortrait UIInterfaceOrientationPortraitUpsideDown UIInterfaceOrientationLandscapeLeft UIInterfaceOrientationLandscapeRight";
				INFOPLIST_KEY_UISupportedInterfaceOrientations_iPhone = "UIInterfaceOrientationPortrait UIInterfaceOrientationLandscapeLeft UIInterfaceOrientationLandscapeRight";
				LD_RUNPATH_SEARCH_PATHS = (
					"$(inherited)",
					"@executable_path/Frameworks",
				);
				MARKETING_VERSION = 1.0;
				PRODUCT_BUNDLE_IDENTIFIER = com.eric.TakeHomeProject;
				PRODUCT_NAME = "$(TARGET_NAME)";
				SWIFT_EMIT_LOC_STRINGS = YES;
				SWIFT_VERSION = 5.0;
				TARGETED_DEVICE_FAMILY = "1,2";
			};
			name = Debug;
		};
		075568E02A7E551200617D64 /* Release */ = {
			isa = XCBuildConfiguration;
			buildSettings = {
				ASSETCATALOG_COMPILER_APPICON_NAME = AppIcon;
				ASSETCATALOG_COMPILER_GLOBAL_ACCENT_COLOR_NAME = AccentColor;
				CODE_SIGN_STYLE = Automatic;
				CURRENT_PROJECT_VERSION = 1;
				DEVELOPMENT_ASSET_PATHS = "\"TakeHomeProject/Preview Content\"";
				DEVELOPMENT_TEAM = H7MDDDPC4H;
				ENABLE_PREVIEWS = YES;
				GENERATE_INFOPLIST_FILE = YES;
				INFOPLIST_FILE = TakeHomeProject/Info.plist;
				INFOPLIST_KEY_UIApplicationSceneManifest_Generation = YES;
				INFOPLIST_KEY_UIApplicationSupportsIndirectInputEvents = YES;
				INFOPLIST_KEY_UISupportedInterfaceOrientations_iPad = "UIInterfaceOrientationPortrait UIInterfaceOrientationPortraitUpsideDown UIInterfaceOrientationLandscapeLeft UIInterfaceOrientationLandscapeRight";
				INFOPLIST_KEY_UISupportedInterfaceOrientations_iPhone = "UIInterfaceOrientationPortrait UIInterfaceOrientationLandscapeLeft UIInterfaceOrientationLandscapeRight";
				LD_RUNPATH_SEARCH_PATHS = (
					"$(inherited)",
					"@executable_path/Frameworks",
				);
				MARKETING_VERSION = 1.0;
				PRODUCT_BUNDLE_IDENTIFIER = com.eric.TakeHomeProject;
				PRODUCT_NAME = "$(TARGET_NAME)";
				SWIFT_EMIT_LOC_STRINGS = YES;
				SWIFT_VERSION = 5.0;
				TARGETED_DEVICE_FAMILY = "1,2";
			};
			name = Release;
		};
		075569402A90F29600617D64 /* Debug */ = {
			isa = XCBuildConfiguration;
			buildSettings = {
				BUNDLE_LOADER = "$(TEST_HOST)";
				CODE_SIGN_STYLE = Automatic;
				CURRENT_PROJECT_VERSION = 1;
				DEVELOPMENT_TEAM = H7MDDDPC4H;
				GENERATE_INFOPLIST_FILE = YES;
				MARKETING_VERSION = 1.0;
				PRODUCT_BUNDLE_IDENTIFIER = com.eric.TakeHomeProjectTests;
				PRODUCT_NAME = "$(TARGET_NAME)";
				SWIFT_EMIT_LOC_STRINGS = NO;
				SWIFT_VERSION = 5.0;
				TARGETED_DEVICE_FAMILY = "1,2";
				TEST_HOST = "$(BUILT_PRODUCTS_DIR)/TakeHomeProject.app/$(BUNDLE_EXECUTABLE_FOLDER_PATH)/TakeHomeProject";
			};
			name = Debug;
		};
		075569412A90F29600617D64 /* Release */ = {
			isa = XCBuildConfiguration;
			buildSettings = {
				BUNDLE_LOADER = "$(TEST_HOST)";
				CODE_SIGN_STYLE = Automatic;
				CURRENT_PROJECT_VERSION = 1;
				DEVELOPMENT_TEAM = H7MDDDPC4H;
				GENERATE_INFOPLIST_FILE = YES;
				MARKETING_VERSION = 1.0;
				PRODUCT_BUNDLE_IDENTIFIER = com.eric.TakeHomeProjectTests;
				PRODUCT_NAME = "$(TARGET_NAME)";
				SWIFT_EMIT_LOC_STRINGS = NO;
				SWIFT_VERSION = 5.0;
				TARGETED_DEVICE_FAMILY = "1,2";
				TEST_HOST = "$(BUILT_PRODUCTS_DIR)/TakeHomeProject.app/$(BUNDLE_EXECUTABLE_FOLDER_PATH)/TakeHomeProject";
			};
			name = Release;
		};
/* End XCBuildConfiguration section */

/* Begin XCConfigurationList section */
		075568CB2A7E551100617D64 /* Build configuration list for PBXProject "TakeHomeProject" */ = {
			isa = XCConfigurationList;
			buildConfigurations = (
				075568DC2A7E551200617D64 /* Debug */,
				075568DD2A7E551200617D64 /* Release */,
			);
			defaultConfigurationIsVisible = 0;
			defaultConfigurationName = Release;
		};
		075568DE2A7E551200617D64 /* Build configuration list for PBXNativeTarget "TakeHomeProject" */ = {
			isa = XCConfigurationList;
			buildConfigurations = (
				075568DF2A7E551200617D64 /* Debug */,
				075568E02A7E551200617D64 /* Release */,
			);
			defaultConfigurationIsVisible = 0;
			defaultConfigurationName = Release;
		};
		0755693F2A90F29600617D64 /* Build configuration list for PBXNativeTarget "TakeHomeProjectTests" */ = {
			isa = XCConfigurationList;
			buildConfigurations = (
				075569402A90F29600617D64 /* Debug */,
				075569412A90F29600617D64 /* Release */,
			);
			defaultConfigurationIsVisible = 0;
			defaultConfigurationName = Release;
		};
/* End XCConfigurationList section */
	};
	rootObject = 075568C82A7E551100617D64 /* Project object */;
}
